
Microsoft Visual Studio Solution File, Format Version 12.00
# Visual Studio Version 17
VisualStudioVersion = 17.5.2.0
MinimumVisualStudioVersion = 10.0.40219.1
Project("{2150E333-8FDC-42A3-9474-1A3956D46DE8}") = "Aula02", "Aula02", "{30625B67-50E2-3290-E11B-CFFFE7C12F3E}"
EndProject
Project("{2150E333-8FDC-42A3-9474-1A3956D46DE8}") = "Aula03", "Aula03", "{CD11FE63-B85B-A9FD-0F2A-AAFC0336C56A}"
EndProject
Project("{2150E333-8FDC-42A3-9474-1A3956D46DE8}") = "Aula04", "Aula04", "{AA9DB573-8FBF-AD2A-31C4-7133FA26FAF8}"
EndProject
Project("{2150E333-8FDC-42A3-9474-1A3956D46DE8}") = "Aula05", "Aula05", "{8E79E8E2-0076-BB2C-8AFC-2DF921FBEA30}"
EndProject
Project("{2150E333-8FDC-42A3-9474-1A3956D46DE8}") = "Ex02_CalcularDiferenca", "Ex02_CalcularDiferenca", "{46BD7F68-87A4-F8E3-CDB5-B1E8B54A1F3A}"
EndProject
Project("{FAE04EC0-301F-11D3-BF4B-00C04F79EFBC}") = "Ex02", "Aula02\Ex02_CalcularDiferenca\Ex02.csproj", "{178A382A-3B43-E83A-784C-4BA8C1E30460}"
EndProject
Project("{2150E333-8FDC-42A3-9474-1A3956D46DE8}") = "Ex04_CalcularPreco", "Ex04_CalcularPreco", "{AE0A7DA0-A595-252C-F3B6-E85F4BF1DA1F}"
EndProject
Project("{FAE04EC0-301F-11D3-BF4B-00C04F79EFBC}") = "Ex04", "Aula02\Ex04_CalcularPreco\Ex04.csproj", "{A900C564-C3D2-1621-924D-B9E13A227F66}"
EndProject
Project("{FAE04EC0-301F-11D3-BF4B-00C04F79EFBC}") = "Hello_GitHub", "Aula03\Hello_GitHub\Hello_GitHub.csproj", "{E20E33D7-7096-9358-F5BF-04C6B43A38E0}"
EndProject
Project("{2150E333-8FDC-42A3-9474-1A3956D46DE8}") = "Ex01_ParOuImpar", "Ex01_ParOuImpar", "{EE251E98-6085-51AA-0FD1-E22D218D82FB}"
EndProject
Project("{FAE04EC0-301F-11D3-BF4B-00C04F79EFBC}") = "Ex01_par_impar", "Aula04\Ex01_ParOuImpar\Ex01_par_impar.csproj", "{5E327694-5468-EA20-EC61-36C4E18583EE}"
EndProject
Project("{FAE04EC0-301F-11D3-BF4B-00C04F79EFBC}") = "Ex03_jogoRPG", "Aula04\Ex03_jogoRPG\Ex03_jogoRPG.csproj", "{D844C970-92CC-BF43-55BE-7C19360A9443}"
EndProject
Project("{2150E333-8FDC-42A3-9474-1A3956D46DE8}") = "Ex01_MediaPar", "Ex01_MediaPar", "{3C39F6DC-75D6-3CF9-36AB-03ADE1D982D8}"
EndProject
Project("{FAE04EC0-301F-11D3-BF4B-00C04F79EFBC}") = "media_aritmetica", "Aula05\Ex01_MediaPar\media_aritmetica\media_aritmetica.csproj", "{208BF26B-7F26-F083-C20A-89F3F804C57E}"
EndProject
Project("{2150E333-8FDC-42A3-9474-1A3956D46DE8}") = "Ex02_AdivinhaJogo", "Ex02_AdivinhaJogo", "{4F27218C-6DA6-16D4-4C0C-C23910E2686C}"
EndProject
Project("{FAE04EC0-301F-11D3-BF4B-00C04F79EFBC}") = "Adivinha", "Aula05\Ex02_AdivinhaJogo\Adivinha\Adivinha.csproj", "{11E401CE-1597-B318-C79B-9FDF271CD5F6}"
EndProject
Project("{2150E333-8FDC-42A3-9474-1A3956D46DE8}") = "Ex03_MultiploImpar", "Ex03_MultiploImpar", "{0D0F87F6-97AF-0E78-74D5-180B2B2E1670}"
EndProject
Project("{FAE04EC0-301F-11D3-BF4B-00C04F79EFBC}") = "Multiplos3", "Aula05\Ex03_MultiploImpar\Multiplos3\Multiplos3.csproj", "{2F90FD24-FE24-D82F-E06E-3389317DBB87}"
EndProject
Project("{2150E333-8FDC-42A3-9474-1A3956D46DE8}") = "Aula01", "Aula01", "{AB451824-C61C-77B0-27A7-9C45A6BDF2F4}"
EndProject
Project("{2150E333-8FDC-42A3-9474-1A3956D46DE8}") = "HelloWorld2", "HelloWorld2", "{03B77D39-A1FD-BB60-5BB4-FD7911ABD5F6}"
EndProject
Project("{FAE04EC0-301F-11D3-BF4B-00C04F79EFBC}") = "HelloWorld2.0", "Aula01\HelloWorld2\HelloWorld2.0\HelloWorld2.0.csproj", "{568C1678-B901-4042-8C75-396F4A8F01D3}"
EndProject
Global
	GlobalSection(SolutionConfigurationPlatforms) = preSolution
		Debug|Any CPU = Debug|Any CPU
		Debug|x64 = Debug|x64
		Debug|x86 = Debug|x86
		Release|Any CPU = Release|Any CPU
		Release|x64 = Release|x64
		Release|x86 = Release|x86
	EndGlobalSection
	GlobalSection(ProjectConfigurationPlatforms) = postSolution
		{178A382A-3B43-E83A-784C-4BA8C1E30460}.Debug|Any CPU.ActiveCfg = Debug|Any CPU
		{178A382A-3B43-E83A-784C-4BA8C1E30460}.Debug|Any CPU.Build.0 = Debug|Any CPU
		{178A382A-3B43-E83A-784C-4BA8C1E30460}.Debug|x64.ActiveCfg = Debug|Any CPU
		{178A382A-3B43-E83A-784C-4BA8C1E30460}.Debug|x64.Build.0 = Debug|Any CPU
		{178A382A-3B43-E83A-784C-4BA8C1E30460}.Debug|x86.ActiveCfg = Debug|Any CPU
		{178A382A-3B43-E83A-784C-4BA8C1E30460}.Debug|x86.Build.0 = Debug|Any CPU
		{178A382A-3B43-E83A-784C-4BA8C1E30460}.Release|Any CPU.ActiveCfg = Release|Any CPU
		{178A382A-3B43-E83A-784C-4BA8C1E30460}.Release|Any CPU.Build.0 = Release|Any CPU
		{178A382A-3B43-E83A-784C-4BA8C1E30460}.Release|x64.ActiveCfg = Release|Any CPU
		{178A382A-3B43-E83A-784C-4BA8C1E30460}.Release|x64.Build.0 = Release|Any CPU
		{178A382A-3B43-E83A-784C-4BA8C1E30460}.Release|x86.ActiveCfg = Release|Any CPU
		{178A382A-3B43-E83A-784C-4BA8C1E30460}.Release|x86.Build.0 = Release|Any CPU
		{A900C564-C3D2-1621-924D-B9E13A227F66}.Debug|Any CPU.ActiveCfg = Debug|Any CPU
		{A900C564-C3D2-1621-924D-B9E13A227F66}.Debug|Any CPU.Build.0 = Debug|Any CPU
		{A900C564-C3D2-1621-924D-B9E13A227F66}.Debug|x64.ActiveCfg = Debug|Any CPU
		{A900C564-C3D2-1621-924D-B9E13A227F66}.Debug|x64.Build.0 = Debug|Any CPU
		{A900C564-C3D2-1621-924D-B9E13A227F66}.Debug|x86.ActiveCfg = Debug|Any CPU
		{A900C564-C3D2-1621-924D-B9E13A227F66}.Debug|x86.Build.0 = Debug|Any CPU
		{A900C564-C3D2-1621-924D-B9E13A227F66}.Release|Any CPU.ActiveCfg = Release|Any CPU
		{A900C564-C3D2-1621-924D-B9E13A227F66}.Release|Any CPU.Build.0 = Release|Any CPU
		{A900C564-C3D2-1621-924D-B9E13A227F66}.Release|x64.ActiveCfg = Release|Any CPU
		{A900C564-C3D2-1621-924D-B9E13A227F66}.Release|x64.Build.0 = Release|Any CPU
		{A900C564-C3D2-1621-924D-B9E13A227F66}.Release|x86.ActiveCfg = Release|Any CPU
		{A900C564-C3D2-1621-924D-B9E13A227F66}.Release|x86.Build.0 = Release|Any CPU
		{E20E33D7-7096-9358-F5BF-04C6B43A38E0}.Debug|Any CPU.ActiveCfg = Debug|Any CPU
		{E20E33D7-7096-9358-F5BF-04C6B43A38E0}.Debug|Any CPU.Build.0 = Debug|Any CPU
		{E20E33D7-7096-9358-F5BF-04C6B43A38E0}.Debug|x64.ActiveCfg = Debug|Any CPU
		{E20E33D7-7096-9358-F5BF-04C6B43A38E0}.Debug|x64.Build.0 = Debug|Any CPU
		{E20E33D7-7096-9358-F5BF-04C6B43A38E0}.Debug|x86.ActiveCfg = Debug|Any CPU
		{E20E33D7-7096-9358-F5BF-04C6B43A38E0}.Debug|x86.Build.0 = Debug|Any CPU
		{E20E33D7-7096-9358-F5BF-04C6B43A38E0}.Release|Any CPU.ActiveCfg = Release|Any CPU
		{E20E33D7-7096-9358-F5BF-04C6B43A38E0}.Release|Any CPU.Build.0 = Release|Any CPU
		{E20E33D7-7096-9358-F5BF-04C6B43A38E0}.Release|x64.ActiveCfg = Release|Any CPU
		{E20E33D7-7096-9358-F5BF-04C6B43A38E0}.Release|x64.Build.0 = Release|Any CPU
		{E20E33D7-7096-9358-F5BF-04C6B43A38E0}.Release|x86.ActiveCfg = Release|Any CPU
		{E20E33D7-7096-9358-F5BF-04C6B43A38E0}.Release|x86.Build.0 = Release|Any CPU
		{5E327694-5468-EA20-EC61-36C4E18583EE}.Debug|Any CPU.ActiveCfg = Debug|Any CPU
		{5E327694-5468-EA20-EC61-36C4E18583EE}.Debug|Any CPU.Build.0 = Debug|Any CPU
		{5E327694-5468-EA20-EC61-36C4E18583EE}.Debug|x64.ActiveCfg = Debug|Any CPU
		{5E327694-5468-EA20-EC61-36C4E18583EE}.Debug|x64.Build.0 = Debug|Any CPU
		{5E327694-5468-EA20-EC61-36C4E18583EE}.Debug|x86.ActiveCfg = Debug|Any CPU
		{5E327694-5468-EA20-EC61-36C4E18583EE}.Debug|x86.Build.0 = Debug|Any CPU
		{5E327694-5468-EA20-EC61-36C4E18583EE}.Release|Any CPU.ActiveCfg = Release|Any CPU
		{5E327694-5468-EA20-EC61-36C4E18583EE}.Release|Any CPU.Build.0 = Release|Any CPU
		{5E327694-5468-EA20-EC61-36C4E18583EE}.Release|x64.ActiveCfg = Release|Any CPU
		{5E327694-5468-EA20-EC61-36C4E18583EE}.Release|x64.Build.0 = Release|Any CPU
		{5E327694-5468-EA20-EC61-36C4E18583EE}.Release|x86.ActiveCfg = Release|Any CPU
		{5E327694-5468-EA20-EC61-36C4E18583EE}.Release|x86.Build.0 = Release|Any CPU
		{D844C970-92CC-BF43-55BE-7C19360A9443}.Debug|Any CPU.ActiveCfg = Debug|Any CPU
		{D844C970-92CC-BF43-55BE-7C19360A9443}.Debug|Any CPU.Build.0 = Debug|Any CPU
		{D844C970-92CC-BF43-55BE-7C19360A9443}.Debug|x64.ActiveCfg = Debug|Any CPU
		{D844C970-92CC-BF43-55BE-7C19360A9443}.Debug|x64.Build.0 = Debug|Any CPU
		{D844C970-92CC-BF43-55BE-7C19360A9443}.Debug|x86.ActiveCfg = Debug|Any CPU
		{D844C970-92CC-BF43-55BE-7C19360A9443}.Debug|x86.Build.0 = Debug|Any CPU
		{D844C970-92CC-BF43-55BE-7C19360A9443}.Release|Any CPU.ActiveCfg = Release|Any CPU
		{D844C970-92CC-BF43-55BE-7C19360A9443}.Release|Any CPU.Build.0 = Release|Any CPU
		{D844C970-92CC-BF43-55BE-7C19360A9443}.Release|x64.ActiveCfg = Release|Any CPU
		{D844C970-92CC-BF43-55BE-7C19360A9443}.Release|x64.Build.0 = Release|Any CPU
		{D844C970-92CC-BF43-55BE-7C19360A9443}.Release|x86.ActiveCfg = Release|Any CPU
		{D844C970-92CC-BF43-55BE-7C19360A9443}.Release|x86.Build.0 = Release|Any CPU
		{208BF26B-7F26-F083-C20A-89F3F804C57E}.Debug|Any CPU.ActiveCfg = Debug|Any CPU
		{208BF26B-7F26-F083-C20A-89F3F804C57E}.Debug|Any CPU.Build.0 = Debug|Any CPU
		{208BF26B-7F26-F083-C20A-89F3F804C57E}.Debug|x64.ActiveCfg = Debug|Any CPU
		{208BF26B-7F26-F083-C20A-89F3F804C57E}.Debug|x64.Build.0 = Debug|Any CPU
		{208BF26B-7F26-F083-C20A-89F3F804C57E}.Debug|x86.ActiveCfg = Debug|Any CPU
		{208BF26B-7F26-F083-C20A-89F3F804C57E}.Debug|x86.Build.0 = Debug|Any CPU
		{208BF26B-7F26-F083-C20A-89F3F804C57E}.Release|Any CPU.ActiveCfg = Release|Any CPU
		{208BF26B-7F26-F083-C20A-89F3F804C57E}.Release|Any CPU.Build.0 = Release|Any CPU
		{208BF26B-7F26-F083-C20A-89F3F804C57E}.Release|x64.ActiveCfg = Release|Any CPU
		{208BF26B-7F26-F083-C20A-89F3F804C57E}.Release|x64.Build.0 = Release|Any CPU
		{208BF26B-7F26-F083-C20A-89F3F804C57E}.Release|x86.ActiveCfg = Release|Any CPU
		{208BF26B-7F26-F083-C20A-89F3F804C57E}.Release|x86.Build.0 = Release|Any CPU
		{11E401CE-1597-B318-C79B-9FDF271CD5F6}.Debug|Any CPU.ActiveCfg = Debug|Any CPU
		{11E401CE-1597-B318-C79B-9FDF271CD5F6}.Debug|Any CPU.Build.0 = Debug|Any CPU
		{11E401CE-1597-B318-C79B-9FDF271CD5F6}.Debug|x64.ActiveCfg = Debug|Any CPU
		{11E401CE-1597-B318-C79B-9FDF271CD5F6}.Debug|x64.Build.0 = Debug|Any CPU
		{11E401CE-1597-B318-C79B-9FDF271CD5F6}.Debug|x86.ActiveCfg = Debug|Any CPU
		{11E401CE-1597-B318-C79B-9FDF271CD5F6}.Debug|x86.Build.0 = Debug|Any CPU
		{11E401CE-1597-B318-C79B-9FDF271CD5F6}.Release|Any CPU.ActiveCfg = Release|Any CPU
		{11E401CE-1597-B318-C79B-9FDF271CD5F6}.Release|Any CPU.Build.0 = Release|Any CPU
		{11E401CE-1597-B318-C79B-9FDF271CD5F6}.Release|x64.ActiveCfg = Release|Any CPU
		{11E401CE-1597-B318-C79B-9FDF271CD5F6}.Release|x64.Build.0 = Release|Any CPU
		{11E401CE-1597-B318-C79B-9FDF271CD5F6}.Release|x86.ActiveCfg = Release|Any CPU
		{11E401CE-1597-B318-C79B-9FDF271CD5F6}.Release|x86.Build.0 = Release|Any CPU
		{2F90FD24-FE24-D82F-E06E-3389317DBB87}.Debug|Any CPU.ActiveCfg = Debug|Any CPU
		{2F90FD24-FE24-D82F-E06E-3389317DBB87}.Debug|Any CPU.Build.0 = Debug|Any CPU
		{2F90FD24-FE24-D82F-E06E-3389317DBB87}.Debug|x64.ActiveCfg = Debug|Any CPU
		{2F90FD24-FE24-D82F-E06E-3389317DBB87}.Debug|x64.Build.0 = Debug|Any CPU
		{2F90FD24-FE24-D82F-E06E-3389317DBB87}.Debug|x86.ActiveCfg = Debug|Any CPU
		{2F90FD24-FE24-D82F-E06E-3389317DBB87}.Debug|x86.Build.0 = Debug|Any CPU
		{2F90FD24-FE24-D82F-E06E-3389317DBB87}.Release|Any CPU.ActiveCfg = Release|Any CPU
		{2F90FD24-FE24-D82F-E06E-3389317DBB87}.Release|Any CPU.Build.0 = Release|Any CPU
		{2F90FD24-FE24-D82F-E06E-3389317DBB87}.Release|x64.ActiveCfg = Release|Any CPU
		{2F90FD24-FE24-D82F-E06E-3389317DBB87}.Release|x64.Build.0 = Release|Any CPU
		{2F90FD24-FE24-D82F-E06E-3389317DBB87}.Release|x86.ActiveCfg = Release|Any CPU
		{2F90FD24-FE24-D82F-E06E-3389317DBB87}.Release|x86.Build.0 = Release|Any CPU
		{568C1678-B901-4042-8C75-396F4A8F01D3}.Debug|Any CPU.ActiveCfg = Debug|Any CPU
		{568C1678-B901-4042-8C75-396F4A8F01D3}.Debug|Any CPU.Build.0 = Debug|Any CPU
		{568C1678-B901-4042-8C75-396F4A8F01D3}.Debug|x64.ActiveCfg = Debug|Any CPU
		{568C1678-B901-4042-8C75-396F4A8F01D3}.Debug|x64.Build.0 = Debug|Any CPU
		{568C1678-B901-4042-8C75-396F4A8F01D3}.Debug|x86.ActiveCfg = Debug|Any CPU
		{568C1678-B901-4042-8C75-396F4A8F01D3}.Debug|x86.Build.0 = Debug|Any CPU
		{568C1678-B901-4042-8C75-396F4A8F01D3}.Release|Any CPU.ActiveCfg = Release|Any CPU
		{568C1678-B901-4042-8C75-396F4A8F01D3}.Release|Any CPU.Build.0 = Release|Any CPU
		{568C1678-B901-4042-8C75-396F4A8F01D3}.Release|x64.ActiveCfg = Release|Any CPU
		{568C1678-B901-4042-8C75-396F4A8F01D3}.Release|x64.Build.0 = Release|Any CPU
		{568C1678-B901-4042-8C75-396F4A8F01D3}.Release|x86.ActiveCfg = Release|Any CPU
		{568C1678-B901-4042-8C75-396F4A8F01D3}.Release|x86.Build.0 = Release|Any CPU
	EndGlobalSection
	GlobalSection(SolutionProperties) = preSolution
		HideSolutionNode = FALSE
	EndGlobalSection
	GlobalSection(NestedProjects) = preSolution
		{46BD7F68-87A4-F8E3-CDB5-B1E8B54A1F3A} = {30625B67-50E2-3290-E11B-CFFFE7C12F3E}
		{178A382A-3B43-E83A-784C-4BA8C1E30460} = {46BD7F68-87A4-F8E3-CDB5-B1E8B54A1F3A}
		{AE0A7DA0-A595-252C-F3B6-E85F4BF1DA1F} = {30625B67-50E2-3290-E11B-CFFFE7C12F3E}
		{A900C564-C3D2-1621-924D-B9E13A227F66} = {AE0A7DA0-A595-252C-F3B6-E85F4BF1DA1F}
		{E20E33D7-7096-9358-F5BF-04C6B43A38E0} = {CD11FE63-B85B-A9FD-0F2A-AAFC0336C56A}
		{EE251E98-6085-51AA-0FD1-E22D218D82FB} = {AA9DB573-8FBF-AD2A-31C4-7133FA26FAF8}
		{5E327694-5468-EA20-EC61-36C4E18583EE} = {EE251E98-6085-51AA-0FD1-E22D218D82FB}
		{D844C970-92CC-BF43-55BE-7C19360A9443} = {AA9DB573-8FBF-AD2A-31C4-7133FA26FAF8}
		{3C39F6DC-75D6-3CF9-36AB-03ADE1D982D8} = {8E79E8E2-0076-BB2C-8AFC-2DF921FBEA30}
		{208BF26B-7F26-F083-C20A-89F3F804C57E} = {3C39F6DC-75D6-3CF9-36AB-03ADE1D982D8}
		{4F27218C-6DA6-16D4-4C0C-C23910E2686C} = {8E79E8E2-0076-BB2C-8AFC-2DF921FBEA30}
		{11E401CE-1597-B318-C79B-9FDF271CD5F6} = {4F27218C-6DA6-16D4-4C0C-C23910E2686C}
		{0D0F87F6-97AF-0E78-74D5-180B2B2E1670} = {8E79E8E2-0076-BB2C-8AFC-2DF921FBEA30}
		{2F90FD24-FE24-D82F-E06E-3389317DBB87} = {0D0F87F6-97AF-0E78-74D5-180B2B2E1670}
		{03B77D39-A1FD-BB60-5BB4-FD7911ABD5F6} = {AB451824-C61C-77B0-27A7-9C45A6BDF2F4}
		{568C1678-B901-4042-8C75-396F4A8F01D3} = {03B77D39-A1FD-BB60-5BB4-FD7911ABD5F6}
	EndGlobalSection
	GlobalSection(ExtensibilityGlobals) = postSolution
		SolutionGuid = {C805D0D8-D1FA-4433-A52C-72D80F8A3655}
	EndGlobalSection
EndGlobal
